[[package]]
name = "clear"
version = "1.0.1"
description = "Command-line extract and rename utility"
category = "main"
optional = false
python-versions = "*"

[package.dependencies]
goodlogging = "*"
rarfile = "2.7"
requests = "2.6.0"

[[package]]
name = "goodlogging"
version = "1.0.1"
description = "Logging module for command line utilities"
category = "main"
optional = false
python-versions = "*"

[[package]]
name = "numpy"
version = "1.22.3"
description = "NumPy is the fundamental package for array computing with Python."
category = "main"
optional = false
python-versions = ">=3.8"

[[package]]
name = "rarfile"
version = "2.7"
description = "RAR archive reader for Python"
category = "main"
optional = false
python-versions = "*"

[[package]]
name = "requests"
version = "2.6.0"
description = "Python HTTP for Humans."
category = "main"
optional = false
python-versions = "*"

[package.extras]
security = ["pyopenssl", "ndg-httpsclient", "pyasn1"]

[metadata]
lock-version = "1.1"
python-versions = ">=3.8.0,<3.9"
content-hash = "42978bdc2707cf19a482d9c26cdedb426e87b10edc9b798279d5632dabe87a52"

[metadata.files]
clear = [
    {file = "clear-1.0.1-py3-none-any.whl", hash = "sha256:8cb23061fcbd94c49b242b136c504ca7701d8047c5b2232e28328d1a5abbd89e"},
    {file = "clear-1.0.1.tar.gz", hash = "sha256:5b816011de26b0966b70617bc14983eee04babc4ca9f0335e696f0d8a93ca2ec"},
]
goodlogging = [
    {file = "goodlogging-1.0.1-py3-none-any.whl", hash = "sha256:dd29a2d5cb33578efba5354036a5d025e5f537b0fd7708a36bc1bc5f87c5adf8"},
    {file = "goodlogging-1.0.1.tar.gz", hash = "sha256:37158f8a4d8ecb7fc34961ebc51b775590a85f63934fae8c9d48d556b64e408b"},
]
numpy = [
    {file = "numpy-1.22.3-cp310-cp310-macosx_10_14_x86_64.whl", hash = "sha256:92bfa69cfbdf7dfc3040978ad09a48091143cffb778ec3b03fa170c494118d75"},
    {file = "numpy-1.22.3-cp310-cp310-macosx_11_0_arm64.whl", hash = "sha256:8251ed96f38b47b4295b1ae51631de7ffa8260b5b087808ef09a39a9d66c97ab"},
    {file = "numpy-1.22.3-cp310-cp310-manylinux_2_17_aarch64.manylinux2014_aarch64.whl", hash = "sha256:48a3aecd3b997bf452a2dedb11f4e79bc5bfd21a1d4cc760e703c31d57c84b3e"},
    {file = "numpy-1.22.3-cp310-cp310-manylinux_2_17_x86_64.manylinux2014_x86_64.whl", hash = "sha256:a3bae1a2ed00e90b3ba5f7bd0a7c7999b55d609e0c54ceb2b076a25e345fa9f4"},
    {file = "numpy-1.22.3-cp310-cp310-win32.whl", hash = "sha256:f950f8845b480cffe522913d35567e29dd381b0dc7e4ce6a4a9f9156417d2430"},
    {file = "numpy-1.22.3-cp310-cp310-win_amd64.whl", hash = "sha256:08d9b008d0156c70dc392bb3ab3abb6e7a711383c3247b410b39962263576cd4"},
    {file = "numpy-1.22.3-cp38-cp38-macosx_10_14_x86_64.whl", hash = "sha256:201b4d0552831f7250a08d3b38de0d989d6f6e4658b709a02a73c524ccc6ffce"},
    {file = "numpy-1.22.3-cp38-cp38-macosx_11_0_arm64.whl", hash = "sha256:f8c1f39caad2c896bc0018f699882b345b2a63708008be29b1f355ebf6f933fe"},
    {file = "numpy-1.22.3-cp38-cp38-manylinux_2_17_aarch64.manylinux2014_aarch64.whl", hash = "sha256:568dfd16224abddafb1cbcce2ff14f522abe037268514dd7e42c6776a1c3f8e5"},
    {file = "numpy-1.22.3-cp38-cp38-manylinux_2_17_x86_64.manylinux2014_x86_64.whl", hash = "sha256:3ca688e1b9b95d80250bca34b11a05e389b1420d00e87a0d12dc45f131f704a1"},
    {file = "numpy-1.22.3-cp38-cp38-win32.whl", hash = "sha256:e7927a589df200c5e23c57970bafbd0cd322459aa7b1ff73b7c2e84d6e3eae62"},
    {file = "numpy-1.22.3-cp38-cp38-win_amd64.whl", hash = "sha256:07a8c89a04997625236c5ecb7afe35a02af3896c8aa01890a849913a2309c676"},
    {file = "numpy-1.22.3-cp39-cp39-macosx_10_14_x86_64.whl", hash = "sha256:2c10a93606e0b4b95c9b04b77dc349b398fdfbda382d2a39ba5a822f669a0123"},
    {file = "numpy-1.22.3-cp39-cp39-macosx_11_0_arm64.whl", hash = "sha256:fade0d4f4d292b6f39951b6836d7a3c7ef5b2347f3c420cd9820a1d90d794802"},
    {file = "numpy-1.22.3-cp39-cp39-manylinux_2_17_aarch64.manylinux2014_aarch64.whl", hash = "sha256:5bfb1bb598e8229c2d5d48db1860bcf4311337864ea3efdbe1171fb0c5da515d"},
    {file = "numpy-1.22.3-cp39-cp39-manylinux_2_17_x86_64.manylinux2014_x86_64.whl", hash = "sha256:97098b95aa4e418529099c26558eeb8486e66bd1e53a6b606d684d0c3616b168"},
    {file = "numpy-1.22.3-cp39-cp39-win32.whl", hash = "sha256:fdf3c08bce27132395d3c3ba1503cac12e17282358cb4bddc25cc46b0aca07aa"},
    {file = "numpy-1.22.3-cp39-cp39-win_amd64.whl", hash = "sha256:639b54cdf6aa4f82fe37ebf70401bbb74b8508fddcf4797f9fe59615b8c5813a"},
    {file = "numpy-1.22.3-pp38-pypy38_pp73-manylinux_2_17_x86_64.manylinux2014_x86_64.whl", hash = "sha256:c34ea7e9d13a70bf2ab64a2532fe149a9aced424cd05a2c4ba662fd989e3e45f"},
    {file = "numpy-1.22.3.zip", hash = "sha256:dbc7601a3b7472d559dc7b933b18b4b66f9aa7452c120e87dfb33d02008c8a18"},
]
rarfile = [
    {file = "rarfile-2.7.tar.gz", hash = "sha256:47148088ddb6c020774f4c38927fec9625ca33651bdc551bdaeafc78690b1635"},
]
requests = [
    {file = "requests-2.6.0-py2.py3-none-any.whl", hash = "sha256:fdb9af60d47ca57a80df0a213336019a34ff6192d8fff361c349f2c8398fe460"},
    {file = "requests-2.6.0.tar.gz", hash = "sha256:1cdbed1f0e236f35ef54e919982c7a338e4fea3786310933d3a7887a04b74d75"},
]
